
Microsoft Visual Studio Solution File, Format Version 12.00
# Visual Studio 15
VisualStudioVersion = 15.0.26730.16
MinimumVisualStudioVersion = 10.0.40219.1
Project("{FAE04EC0-301F-11D3-BF4B-00C04F79EFBC}") = "WebAddress", "WebAddress\WebAddress.csproj", "{79673CD8-EC05-43F2-B3B2-2B7FA585D01E}"
EndProject
Global
	GlobalSection(SolutionConfigurationPlatforms) = preSolution
		Debug|Any CPU = Debug|Any CPU
		Release|Any CPU = Release|Any CPU
	EndGlobalSection
	GlobalSection(ProjectConfigurationPlatforms) = postSolution
		{79673CD8-EC05-43F2-B3B2-2B7FA585D01E}.Debug|Any CPU.ActiveCfg = Debug|Any CPU
		{79673CD8-EC05-43F2-B3B2-2B7FA585D01E}.Debug|Any CPU.Build.0 = Debug|Any CPU
		{79673CD8-EC05-43F2-B3B2-2B7FA585D01E}.Release|Any CPU.ActiveCfg = Release|Any CPU
		{79673CD8-EC05-43F2-B3B2-2B7FA585D01E}.Release|Any CPU.Build.0 = Release|Any CPU
	EndGlobalSection
	GlobalSection(SolutionProperties) = preSolution
		HideSolutionNode = FALSE
	EndGlobalSection
	GlobalSection(ExtensibilityGlobals) = postSolution
		SolutionGuid = {A2ABC23E-90B4-4E82-A6E6-F622F820B770}
	EndGlobalSection
EndGlobal
